// !$*UTF8*$!
{
	archiveVersion = 1;
	classes = {
	};
	objectVersion = 46;
	objects = {

/* Begin PBXBuildFile section */
		91896EAF1BC4DD98000E5B4C /* problem1.cpp in Sources */ = {isa = PBXBuildFile; fileRef = 91896EAE1BC4DD98000E5B4C /* problem1.cpp */; };
		91896EB71BC4DE2A000E5B4C /* problem2.cpp in Sources */ = {isa = PBXBuildFile; fileRef = 91896EB51BC4DE2A000E5B4C /* problem2.cpp */; settings = {ASSET_TAGS = (); }; };
		91896EBA1BC4DFC1000E5B4C /* problem3.cpp in Sources */ = {isa = PBXBuildFile; fileRef = 91896EB81BC4DFC1000E5B4C /* problem3.cpp */; settings = {ASSET_TAGS = (); }; };
/* End PBXBuildFile section */

/* Begin PBXCopyFilesBuildPhase section */
		91896EA91BC4DD98000E5B4C /* CopyFiles */ = {
			isa = PBXCopyFilesBuildPhase;
			buildActionMask = 2147483647;
			dstPath = /usr/share/man/man1/;
			dstSubfolderSpec = 0;
			files = (
			);
			runOnlyForDeploymentPostprocessing = 1;
		};
/* End PBXCopyFilesBuildPhase section */

/* Begin PBXFileReference section */
		91896EAB1BC4DD98000E5B4C /* tzhang76__ */ = {isa = PBXFileReference; explicitFileType = "compiled.mach-o.executable"; includeInIndex = 0; path = tzhang76__; sourceTree = BUILT_PRODUCTS_DIR; };
		91896EAE1BC4DD98000E5B4C /* problem1.cpp */ = {isa = PBXFileReference; lastKnownFileType = sourcecode.cpp.cpp; path = problem1.cpp; sourceTree = "<group>"; };
		91896EB51BC4DE2A000E5B4C /* problem2.cpp */ = {isa = PBXFileReference; fileEncoding = 4; lastKnownFileType = sourcecode.cpp.cpp; path = problem2.cpp; sourceTree = "<group>"; };
		91896EB81BC4DFC1000E5B4C /* problem3.cpp */ = {isa = PBXFileReference; fileEncoding = 4; lastKnownFileType = sourcecode.cpp.cpp; path = problem3.cpp; sourceTree = "<group>"; };
/* End PBXFileReference section */

/* Begin PBXFrameworksBuildPhase section */
		91896EA81BC4DD98000E5B4C /* Frameworks */ = {
			isa = PBXFrameworksBuildPhase;
			buildActionMask = 2147483647;
			files = (
			);
			runOnlyForDeploymentPostprocessing = 0;
		};
/* End PBXFrameworksBuildPhase section */

/* Begin PBXGroup section */
		91896EA21BC4DD98000E5B4C = {
			isa = PBXGroup;
			children = (
				91896EAD1BC4DD98000E5B4C /* tzhang76__ */,
				91896EAC1BC4DD98000E5B4C /* Products */,
			);
			sourceTree = "<group>";
		};
		91896EAC1BC4DD98000E5B4C /* Products */ = {
			isa = PBXGroup;
			children = (
				91896EAB1BC4DD98000E5B4C /* tzhang76__ */,
			);
			name = Products;
			sourceTree = "<group>";
		};
		91896EAD1BC4DD98000E5B4C /* tzhang76__ */ = {
			isa = PBXGroup;
			children = (
				91896EAE1BC4DD98000E5B4C /* problem1.cpp */,
				91896EB51BC4DE2A000E5B4C /* problem2.cpp */,
				91896EB81BC4DFC1000E5B4C /* problem3.cpp */,
			);
			path = tzhang76__;
			sourceTree = "<group>";
		};
/* End PBXGroup section */

/* Begin PBXNativeTarget section */
		91896EAA1BC4DD98000E5B4C /* tzhang76__ */ = {
			isa = PBXNativeTarget;
			buildConfigurationList = 91896EB21BC4DD98000E5B4C /* Build configuration list for PBXNativeTarget "tzhang76__" */;
			buildPhases = (
				91896EA71BC4DD98000E5B4C /* Sources */,
				91896EA81BC4DD98000E5B4C /* Frameworks */,
				91896EA91BC4DD98000E5B4C /* CopyFiles */,
			);
			buildRules = (
			);
			dependencies = (
			);
			name = tzhang76__;
			productName = tzhang76__;
			productReference = 91896EAB1BC4DD98000E5B4C /* tzhang76__ */;
			productType = "com.apple.product-type.tool";
		};
/* End PBXNativeTarget section */

/* Begin PBXProject section */
		91896EA31BC4DD98000E5B4C /* Project object */ = {
			isa = PBXProject;
			attributes = {
				LastUpgradeCheck = 0700;
				ORGANIZATIONNAME = tzhang76;
				TargetAttributes = {
					91896EAA1BC4DD98000E5B4C = {
						CreatedOnToolsVersion = 7.0.1;
					};
				};
			};
			buildConfigurationList = 91896EA61BC4DD98000E5B4C /* Build configuration list for PBXProject "tzhang76__" */;
			compatibilityVersion = "Xcode 3.2";
			developmentRegion = English;
			hasScannedForEncodings = 0;
			knownRegions = (
				en,
			);
			mainGroup = 91896EA21BC4DD98000E5B4C;
			productRefGroup = 91896EAC1BC4DD98000E5B4C /* Products */;
			projectDirPath = "";
			projectRoot = "";
			targets = (
				91896EAA1BC4DD98000E5B4C /* tzhang76__ */,
			);
		};
/* End PBXProject section */

/* Begin PBXSourcesBuildPhase section */
		91896EA71BC4DD98000E5B4C /* Sources */ = {
			isa = PBXSourcesBuildPhase;
			buildActionMask = 2147483647;
			files = (
				91896EBA1BC4DFC1000E5B4C /* problem3.cpp in Sources */,
				91896EB71BC4DE2A000E5B4C /* problem2.cpp in Sources */,
				91896EAF1BC4DD98000E5B4C /* problem1.cpp in Sources */,
			);
			runOnlyForDeploymentPostprocessing = 0;
		};
/* End PBXSourcesBuildPhase section */

/* Begin XCBuildConfiguration section */
		91896EB01BC4DD98000E5B4C /* Debug */ = {
			isa = XCBuildConfiguration;
			buildSettings = {
				ALWAYS_SEARCH_USER_PATHS = NO;
				CLANG_CXX_LANGUAGE_STANDARD = "gnu++0x";
				CLANG_CXX_LIBRARY = "libc++";
				CLANG_ENABLE_MODULES = YES;
				CLANG_ENABLE_OBJC_ARC = YES;
				CLANG_WARN_BOOL_CONVERSION = YES;
				CLANG_WARN_CONSTANT_CONVERSION = YES;
				CLANG_WARN_DIRECT_OBJC_ISA_USAGE = YES_ERROR;
				CLANG_WARN_EMPTY_BODY = YES;
				CLANG_WARN_ENUM_CONVERSION = YES;
				CLANG_WARN_INT_CONVERSION = YES;
				CLANG_WARN_OBJC_ROOT_CLASS = YES_ERROR;
				CLANG_WARN_UNREACHABLE_CODE = YES;
				CLANG_WARN__DUPLICATE_METHOD_MATCH = YES;
				COPY_PHASE_STRIP = NO;
				DEBUG_INFORMATION_FORMAT = dwarf;
				ENABLE_STRICT_OBJC_MSGSEND = YES;
				ENABLE_TESTABILITY = YES;
				GCC_C_LANGUAGE_STANDARD = gnu99;
				GCC_DYNAMIC_NO_PIC = NO;
				GCC_NO_COMMON_BLOCKS = YES;
				GCC_OPTIMIZATION_LEVEL = 0;
				GCC_PREPROCESSOR_DEFINITIONS = (
					"DEBUG=1",
					"$(inherited)",
				);
				GCC_WARN_64_TO_32_BIT_CONVERSION = YES;
				GCC_WARN_ABOUT_RETURN_TYPE = YES_ERROR;
				GCC_WARN_UNDECLARED_SELECTOR = YES;
				GCC_WARN_UNINITIALIZED_AUTOS = YES_AGGRESSIVE;
				GCC_WARN_UNUSED_FUNCTION = YES;
				GCC_WARN_UNUSED_VARIABLE = YES;
				MACOSX_DEPLOYMENT_TARGET = 10.10;
				MTL_ENABLE_DEBUG_INFO = YES;
				ONLY_ACTIVE_ARCH = YES;
				SDKROOT = macosx;
			};
			name = Debug;
		};
		91896EB11BC4DD98000E5B4C /* Release */ = {
			isa = XCBuildConfiguration;
			buildSettings = {
				ALWAYS_SEARCH_USER_PATHS = NO;
				CLANG_CXX_LANGUAGE_STANDARD = "gnu++0x";
				CLANG_CXX_LIBRARY = "libc++";
				CLANG_ENABLE_MODULES = YES;
				CLANG_ENABLE_OBJC_ARC = YES;
				CLANG_WARN_BOOL_CONVERSION = YES;
				CLANG_WARN_CONSTANT_CONVERSION = YES;
				CLANG_WARN_DIRECT_OBJC_ISA_USAGE = YES_ERROR;
				CLANG_WARN_EMPTY_BODY = YES;
				CLANG_WARN_ENUM_CONVERSION = YES;
				CLANG_WARN_INT_CONVERSION = YES;
				CLANG_WARN_OBJC_ROOT_CLASS = YES_ERROR;
				CLANG_WARN_UNREACHABLE_CODE = YES;
				CLANG_WARN__DUPLICATE_METHOD_MATCH = YES;
				COPY_PHASE_STRIP = NO;
				DEBUG_INFORMATION_FORMAT = "dwarf-with-dsym";
				ENABLE_NS_ASSERTIONS = NO;
				ENABLE_STRICT_OBJC_MSGSEND = YES;
				GCC_C_LANGUAGE_STANDARD = gnu99;
				GCC_NO_COMMON_BLOCKS = YES;
				GCC_WARN_64_TO_32_BIT_CONVERSION = YES;
				GCC_WARN_ABOUT_RETURN_TYPE = YES_ERROR;
				GCC_WARN_UNDECLARED_SELECTOR = YES;
				GCC_WARN_UNINITIALIZED_AUTOS = YES_AGGRESSIVE;
				GCC_WARN_UNUSED_FUNCTION = YES;
				GCC_WARN_UNUSED_VARIABLE = YES;
				MACOSX_DEPLOYMENT_TARGET = 10.10;
				MTL_ENABLE_DEBUG_INFO = NO;
				SDKROOT = macosx;
			};
			name = Release;
		};
		91896EB31BC4DD98000E5B4C /* Debug */ = {
			isa = XCBuildConfiguration;
			buildSettings = {
				PRODUCT_NAME = "$(TARGET_NAME)";
			};
			name = Debug;
		};
		91896EB41BC4DD98000E5B4C /* Release */ = {
			isa = XCBuildConfiguration;
			buildSettings = {
				PRODUCT_NAME = "$(TARGET_NAME)";
			};
			name = Release;
		};
/* End XCBuildConfiguration section */

/* Begin XCConfigurationList section */
		91896EA61BC4DD98000E5B4C /* Build configuration list for PBXProject "tzhang76__" */ = {
			isa = XCConfigurationList;
			buildConfigurations = (
				91896EB01BC4DD98000E5B4C /* Debug */,
				91896EB11BC4DD98000E5B4C /* Release */,
			);
			defaultConfigurationIsVisible = 0;
			defaultConfigurationName = Release;
		};
		91896EB21BC4DD98000E5B4C /* Build configuration list for PBXNativeTarget "tzhang76__" */ = {
			isa = XCConfigurationList;
			buildConfigurations = (
				91896EB31BC4DD98000E5B4C /* Debug */,
				91896EB41BC4DD98000E5B4C /* Release */,
			);
			defaultConfigurationIsVisible = 0;
		};
/* End XCConfigurationList section */
	};
	rootObject = 91896EA31BC4DD98000E5B4C /* Project object */;
}
